
Microsoft Visual Studio Solution File, Format Version 12.00
# Visual Studio Version 17
VisualStudioVersion = 17.7.34221.43
MinimumVisualStudioVersion = 10.0.40219.1
Project("{8BC9CEB8-8B4A-11D0-8D11-00A0C91BC942}") = "direct_syscalls_with_dynamic_ssn_resolution", "direct_syscalls_with_dynamic_ssn_resolution\direct_syscalls_with_dynamic_ssn_resolution.vcxproj", "{DF3FD053-BF3C-425E-A835-C11165BFCC4A}"
EndProject
Global
	GlobalSection(SolutionConfigurationPlatforms) = preSolution
		Debug|x64 = Debug|x64
		Debug|x86 = Debug|x86
		Release|x64 = Release|x64
		Release|x86 = Release|x86
	EndGlobalSection
	GlobalSection(ProjectConfigurationPlatforms) = postSolution
		{DF3FD053-BF3C-425E-A835-C11165BFCC4A}.Debug|x64.ActiveCfg = Debug|x64
		{DF3FD053-BF3C-425E-A835-C11165BFCC4A}.Debug|x64.Build.0 = Debug|x64
		{DF3FD053-BF3C-425E-A835-C11165BFCC4A}.Debug|x86.ActiveCfg = Debug|Win32
		{DF3FD053-BF3C-425E-A835-C11165BFCC4A}.Debug|x86.Build.0 = Debug|Win32
		{DF3FD053-BF3C-425E-A835-C11165BFCC4A}.Release|x64.ActiveCfg = Release|x64
		{DF3FD053-BF3C-425E-A835-C11165BFCC4A}.Release|x64.Build.0 = Release|x64
		{DF3FD053-BF3C-425E-A835-C11165BFCC4A}.Release|x86.ActiveCfg = Release|Win32
		{DF3FD053-BF3C-425E-A835-C11165BFCC4A}.Release|x86.Build.0 = Release|Win32
	EndGlobalSection
	GlobalSection(SolutionProperties) = preSolution
		HideSolutionNode = FALSE
	EndGlobalSection
	GlobalSection(ExtensibilityGlobals) = postSolution
		SolutionGuid = {7FA69617-1F1A-4827-B63F-C14FFB4EF7C4}
	EndGlobalSection
EndGlobal
